// !$*UTF8*$!
{
	archiveVersion = 1;
	classes = {
	};
	objectVersion = 51;
	objects = {

/* Begin PBXBuildFile section */
		253225D08F1B1F650E8A2B8A /* Pods_Finstagram.framework in Frameworks */ = {isa = PBXBuildFile; fileRef = 60B591990BA3AE90923BC2C9 /* Pods_Finstagram.framework */; };
		45D3F5B4C82CEC883EF47B1C /* Pods_Finstagram_FinstagramUITests.framework in Frameworks */ = {isa = PBXBuildFile; fileRef = FCCED21D32AEDF1D5F2D445F /* Pods_Finstagram_FinstagramUITests.framework */; };
		5E0FEEA6246A16B0009A0671 /* PostCell.swift in Sources */ = {isa = PBXBuildFile; fileRef = 5E0FEEA5246A16B0009A0671 /* PostCell.swift */; };
		5EE225F9246751850085D129 /* LoginViewController.swift in Sources */ = {isa = PBXBuildFile; fileRef = 5EE225F8246751850085D129 /* LoginViewController.swift */; };
		5EE225FB246751950085D129 /* FeedViewController.swift in Sources */ = {isa = PBXBuildFile; fileRef = 5EE225FA246751950085D129 /* FeedViewController.swift */; };
		5EE225FD246761780085D129 /* CameraViewController.swift in Sources */ = {isa = PBXBuildFile; fileRef = 5EE225FC246761780085D129 /* CameraViewController.swift */; };
		5EF326A624673B8A0096DD62 /* AppDelegate.swift in Sources */ = {isa = PBXBuildFile; fileRef = 5EF326A524673B8A0096DD62 /* AppDelegate.swift */; };
		5EF326A824673B8A0096DD62 /* SceneDelegate.swift in Sources */ = {isa = PBXBuildFile; fileRef = 5EF326A724673B8A0096DD62 /* SceneDelegate.swift */; };
		5EF326AD24673B8A0096DD62 /* Main.storyboard in Resources */ = {isa = PBXBuildFile; fileRef = 5EF326AB24673B8A0096DD62 /* Main.storyboard */; };
		5EF326AF24673B8C0096DD62 /* Assets.xcassets in Resources */ = {isa = PBXBuildFile; fileRef = 5EF326AE24673B8C0096DD62 /* Assets.xcassets */; };
		5EF326B224673B8C0096DD62 /* LaunchScreen.storyboard in Resources */ = {isa = PBXBuildFile; fileRef = 5EF326B024673B8C0096DD62 /* LaunchScreen.storyboard */; };
		5EF326BD24673B8C0096DD62 /* FinstagramTests.swift in Sources */ = {isa = PBXBuildFile; fileRef = 5EF326BC24673B8C0096DD62 /* FinstagramTests.swift */; };
		5EF326C824673B8C0096DD62 /* FinstagramUITests.swift in Sources */ = {isa = PBXBuildFile; fileRef = 5EF326C724673B8C0096DD62 /* FinstagramUITests.swift */; };
		5EF557E024704664003CF244 /* CommentCell.swift in Sources */ = {isa = PBXBuildFile; fileRef = 5EF557DF24704664003CF244 /* CommentCell.swift */; };
		E5C7B54839CC58B5D9C9BD3D /* Pods_FinstagramTests.framework in Frameworks */ = {isa = PBXBuildFile; fileRef = E770A34786EE1F7EB270F7DF /* Pods_FinstagramTests.framework */; };
/* End PBXBuildFile section */

/* Begin PBXContainerItemProxy section */
		5EF326B924673B8C0096DD62 /* PBXContainerItemProxy */ = {
			isa = PBXContainerItemProxy;
			containerPortal = 5EF3269A24673B8A0096DD62 /* Project object */;
			proxyType = 1;
			remoteGlobalIDString = 5EF326A124673B8A0096DD62;
			remoteInfo = Finstagram;
		};
		5EF326C424673B8C0096DD62 /* PBXContainerItemProxy */ = {
			isa = PBXContainerItemProxy;
			containerPortal = 5EF3269A24673B8A0096DD62 /* Project object */;
			proxyType = 1;
			remoteGlobalIDString = 5EF326A124673B8A0096DD62;
			remoteInfo = Finstagram;
		};
/* End PBXContainerItemProxy section */

/* Begin PBXFileReference section */
		4A4E24664635BE3F8949BE41 /* Pods-Finstagram.release.xcconfig */ = {isa = PBXFileReference; includeInIndex = 1; lastKnownFileType = text.xcconfig; name = "Pods-Finstagram.release.xcconfig"; path = "Target Support Files/Pods-Finstagram/Pods-Finstagram.release.xcconfig"; sourceTree = "<group>"; };
		5E0FEEA5246A16B0009A0671 /* PostCell.swift */ = {isa = PBXFileReference; lastKnownFileType = sourcecode.swift; path = PostCell.swift; sourceTree = "<group>"; };
		5EE225F8246751850085D129 /* LoginViewController.swift */ = {isa = PBXFileReference; lastKnownFileType = sourcecode.swift; path = LoginViewController.swift; sourceTree = "<group>"; };
		5EE225FA246751950085D129 /* FeedViewController.swift */ = {isa = PBXFileReference; lastKnownFileType = sourcecode.swift; path = FeedViewController.swift; sourceTree = "<group>"; };
		5EE225FC246761780085D129 /* CameraViewController.swift */ = {isa = PBXFileReference; lastKnownFileType = sourcecode.swift; path = CameraViewController.swift; sourceTree = "<group>"; };
		5EF326A224673B8A0096DD62 /* Finstagram.app */ = {isa = PBXFileReference; explicitFileType = wrapper.application; includeInIndex = 0; path = Finstagram.app; sourceTree = BUILT_PRODUCTS_DIR; };
		5EF326A524673B8A0096DD62 /* AppDelegate.swift */ = {isa = PBXFileReference; lastKnownFileType = sourcecode.swift; path = AppDelegate.swift; sourceTree = "<group>"; };
		5EF326A724673B8A0096DD62 /* SceneDelegate.swift */ = {isa = PBXFileReference; lastKnownFileType = sourcecode.swift; path = SceneDelegate.swift; sourceTree = "<group>"; };
		5EF326AC24673B8A0096DD62 /* Base */ = {isa = PBXFileReference; lastKnownFileType = file.storyboard; name = Base; path = Base.lproj/Main.storyboard; sourceTree = "<group>"; };
		5EF326AE24673B8C0096DD62 /* Assets.xcassets */ = {isa = PBXFileReference; lastKnownFileType = folder.assetcatalog; path = Assets.xcassets; sourceTree = "<group>"; };
		5EF326B124673B8C0096DD62 /* Base */ = {isa = PBXFileReference; lastKnownFileType = file.storyboard; name = Base; path = Base.lproj/LaunchScreen.storyboard; sourceTree = "<group>"; };
		5EF326B324673B8C0096DD62 /* Info.plist */ = {isa = PBXFileReference; lastKnownFileType = text.plist.xml; path = Info.plist; sourceTree = "<group>"; };
		5EF326B824673B8C0096DD62 /* FinstagramTests.xctest */ = {isa = PBXFileReference; explicitFileType = wrapper.cfbundle; includeInIndex = 0; path = FinstagramTests.xctest; sourceTree = BUILT_PRODUCTS_DIR; };
		5EF326BC24673B8C0096DD62 /* FinstagramTests.swift */ = {isa = PBXFileReference; lastKnownFileType = sourcecode.swift; path = FinstagramTests.swift; sourceTree = "<group>"; };
		5EF326BE24673B8C0096DD62 /* Info.plist */ = {isa = PBXFileReference; lastKnownFileType = text.plist.xml; path = Info.plist; sourceTree = "<group>"; };
		5EF326C324673B8C0096DD62 /* FinstagramUITests.xctest */ = {isa = PBXFileReference; explicitFileType = wrapper.cfbundle; includeInIndex = 0; path = FinstagramUITests.xctest; sourceTree = BUILT_PRODUCTS_DIR; };
		5EF326C724673B8C0096DD62 /* FinstagramUITests.swift */ = {isa = PBXFileReference; lastKnownFileType = sourcecode.swift; path = FinstagramUITests.swift; sourceTree = "<group>"; };
		5EF326C924673B8C0096DD62 /* Info.plist */ = {isa = PBXFileReference; lastKnownFileType = text.plist.xml; path = Info.plist; sourceTree = "<group>"; };
		5EF557DF24704664003CF244 /* CommentCell.swift */ = {isa = PBXFileReference; lastKnownFileType = sourcecode.swift; path = CommentCell.swift; sourceTree = "<group>"; };
		60B591990BA3AE90923BC2C9 /* Pods_Finstagram.framework */ = {isa = PBXFileReference; explicitFileType = wrapper.framework; includeInIndex = 0; path = Pods_Finstagram.framework; sourceTree = BUILT_PRODUCTS_DIR; };
		850CD1988838BE95D279E091 /* Pods-Finstagram-FinstagramUITests.release.xcconfig */ = {isa = PBXFileReference; includeInIndex = 1; lastKnownFileType = text.xcconfig; name = "Pods-Finstagram-FinstagramUITests.release.xcconfig"; path = "Target Support Files/Pods-Finstagram-FinstagramUITests/Pods-Finstagram-FinstagramUITests.release.xcconfig"; sourceTree = "<group>"; };
		8817C34161C211246F8AF1F3 /* Pods-FinstagramTests.release.xcconfig */ = {isa = PBXFileReference; includeInIndex = 1; lastKnownFileType = text.xcconfig; name = "Pods-FinstagramTests.release.xcconfig"; path = "Target Support Files/Pods-FinstagramTests/Pods-FinstagramTests.release.xcconfig"; sourceTree = "<group>"; };
		A2A1B6C50C7330037A20F910 /* Pods-Finstagram.debug.xcconfig */ = {isa = PBXFileReference; includeInIndex = 1; lastKnownFileType = text.xcconfig; name = "Pods-Finstagram.debug.xcconfig"; path = "Target Support Files/Pods-Finstagram/Pods-Finstagram.debug.xcconfig"; sourceTree = "<group>"; };
		C309C95E82D1B555CF5E1537 /* Pods-FinstagramTests.debug.xcconfig */ = {isa = PBXFileReference; includeInIndex = 1; lastKnownFileType = text.xcconfig; name = "Pods-FinstagramTests.debug.xcconfig"; path = "Target Support Files/Pods-FinstagramTests/Pods-FinstagramTests.debug.xcconfig"; sourceTree = "<group>"; };
		E770A34786EE1F7EB270F7DF /* Pods_FinstagramTests.framework */ = {isa = PBXFileReference; explicitFileType = wrapper.framework; includeInIndex = 0; path = Pods_FinstagramTests.framework; sourceTree = BUILT_PRODUCTS_DIR; };
		FC5A42E56E131DC02D4E9E85 /* Pods-Finstagram-FinstagramUITests.debug.xcconfig */ = {isa = PBXFileReference; includeInIndex = 1; lastKnownFileType = text.xcconfig; name = "Pods-Finstagram-FinstagramUITests.debug.xcconfig"; path = "Target Support Files/Pods-Finstagram-FinstagramUITests/Pods-Finstagram-FinstagramUITests.debug.xcconfig"; sourceTree = "<group>"; };
		FCCED21D32AEDF1D5F2D445F /* Pods_Finstagram_FinstagramUITests.framework */ = {isa = PBXFileReference; explicitFileType = wrapper.framework; includeInIndex = 0; path = Pods_Finstagram_FinstagramUITests.framework; sourceTree = BUILT_PRODUCTS_DIR; };
/* End PBXFileReference section */

/* Begin PBXFrameworksBuildPhase section */
		5EF3269F24673B8A0096DD62 /* Frameworks */ = {
			isa = PBXFrameworksBuildPhase;
			buildActionMask = 2147483647;
			files = (
				253225D08F1B1F650E8A2B8A /* Pods_Finstagram.framework in Frameworks */,
			);
			runOnlyForDeploymentPostprocessing = 0;
		};
		5EF326B524673B8C0096DD62 /* Frameworks */ = {
			isa = PBXFrameworksBuildPhase;
			buildActionMask = 2147483647;
			files = (
				E5C7B54839CC58B5D9C9BD3D /* Pods_FinstagramTests.framework in Frameworks */,
			);
			runOnlyForDeploymentPostprocessing = 0;
		};
		5EF326C024673B8C0096DD62 /* Frameworks */ = {
			isa = PBXFrameworksBuildPhase;
			buildActionMask = 2147483647;
			files = (
				45D3F5B4C82CEC883EF47B1C /* Pods_Finstagram_FinstagramUITests.framework in Frameworks */,
			);
			runOnlyForDeploymentPostprocessing = 0;
		};
/* End PBXFrameworksBuildPhase section */

/* Begin PBXGroup section */
		420A7A3A49DD6139ED63D0F0 /* Pods */ = {
			isa = PBXGroup;
			children = (
				A2A1B6C50C7330037A20F910 /* Pods-Finstagram.debug.xcconfig */,
				4A4E24664635BE3F8949BE41 /* Pods-Finstagram.release.xcconfig */,
				FC5A42E56E131DC02D4E9E85 /* Pods-Finstagram-FinstagramUITests.debug.xcconfig */,
				850CD1988838BE95D279E091 /* Pods-Finstagram-FinstagramUITests.release.xcconfig */,
				C309C95E82D1B555CF5E1537 /* Pods-FinstagramTests.debug.xcconfig */,
				8817C34161C211246F8AF1F3 /* Pods-FinstagramTests.release.xcconfig */,
			);
			path = Pods;
			sourceTree = "<group>";
		};
		5EF3269924673B8A0096DD62 = {
			isa = PBXGroup;
			children = (
				5EF326A424673B8A0096DD62 /* Finstagram */,
				5EF326BB24673B8C0096DD62 /* FinstagramTests */,
				5EF326C624673B8C0096DD62 /* FinstagramUITests */,
				5EF326A324673B8A0096DD62 /* Products */,
				420A7A3A49DD6139ED63D0F0 /* Pods */,
				FBE2EC18040F76042FD2074F /* Frameworks */,
			);
			sourceTree = "<group>";
		};
		5EF326A324673B8A0096DD62 /* Products */ = {
			isa = PBXGroup;
			children = (
				5EF326A224673B8A0096DD62 /* Finstagram.app */,
				5EF326B824673B8C0096DD62 /* FinstagramTests.xctest */,
				5EF326C324673B8C0096DD62 /* FinstagramUITests.xctest */,
			);
			name = Products;
			sourceTree = "<group>";
		};
		5EF326A424673B8A0096DD62 /* Finstagram */ = {
			isa = PBXGroup;
			children = (
				5EF326A524673B8A0096DD62 /* AppDelegate.swift */,
				5EF326A724673B8A0096DD62 /* SceneDelegate.swift */,
				5EF326AB24673B8A0096DD62 /* Main.storyboard */,
				5EF326AE24673B8C0096DD62 /* Assets.xcassets */,
				5EF326B024673B8C0096DD62 /* LaunchScreen.storyboard */,
				5EF326B324673B8C0096DD62 /* Info.plist */,
				5EE225F8246751850085D129 /* LoginViewController.swift */,
				5EE225FA246751950085D129 /* FeedViewController.swift */,
				5EE225FC246761780085D129 /* CameraViewController.swift */,
				5E0FEEA5246A16B0009A0671 /* PostCell.swift */,
				5EF557DF24704664003CF244 /* CommentCell.swift */,
			);
			path = Finstagram;
			sourceTree = "<group>";
		};
		5EF326BB24673B8C0096DD62 /* FinstagramTests */ = {
			isa = PBXGroup;
			children = (
				5EF326BC24673B8C0096DD62 /* FinstagramTests.swift */,
				5EF326BE24673B8C0096DD62 /* Info.plist */,
			);
			path = FinstagramTests;
			sourceTree = "<group>";
		};
		5EF326C624673B8C0096DD62 /* FinstagramUITests */ = {
			isa = PBXGroup;
			children = (
				5EF326C724673B8C0096DD62 /* FinstagramUITests.swift */,
				5EF326C924673B8C0096DD62 /* Info.plist */,
			);
			path = FinstagramUITests;
			sourceTree = "<group>";
		};
		FBE2EC18040F76042FD2074F /* Frameworks */ = {
			isa = PBXGroup;
			children = (
				60B591990BA3AE90923BC2C9 /* Pods_Finstagram.framework */,
				FCCED21D32AEDF1D5F2D445F /* Pods_Finstagram_FinstagramUITests.framework */,
				E770A34786EE1F7EB270F7DF /* Pods_FinstagramTests.framework */,
			);
			name = Frameworks;
			sourceTree = "<group>";
		};
/* End PBXGroup section */

/* Begin PBXNativeTarget section */
		5EF326A124673B8A0096DD62 /* Finstagram */ = {
			isa = PBXNativeTarget;
			buildConfigurationList = 5EF326CC24673B8C0096DD62 /* Build configuration list for PBXNativeTarget "Finstagram" */;
			buildPhases = (
				ABE512E8C72648F021ECFD08 /* [CP] Check Pods Manifest.lock */,
				5EF3269E24673B8A0096DD62 /* Sources */,
				5EF3269F24673B8A0096DD62 /* Frameworks */,
				5EF326A024673B8A0096DD62 /* Resources */,
				F424FAB3FECB813EAF94455A /* [CP] Embed Pods Frameworks */,
			);
			buildRules = (
			);
			dependencies = (
			);
			name = Finstagram;
			productName = Finstagram;
			productReference = 5EF326A224673B8A0096DD62 /* Finstagram.app */;
			productType = "com.apple.product-type.application";
		};
		5EF326B724673B8C0096DD62 /* FinstagramTests */ = {
			isa = PBXNativeTarget;
			buildConfigurationList = 5EF326CF24673B8C0096DD62 /* Build configuration list for PBXNativeTarget "FinstagramTests" */;
			buildPhases = (
				CAC2B7F93AD4EE685EB52ED0 /* [CP] Check Pods Manifest.lock */,
				5EF326B424673B8C0096DD62 /* Sources */,
				5EF326B524673B8C0096DD62 /* Frameworks */,
				5EF326B624673B8C0096DD62 /* Resources */,
			);
			buildRules = (
			);
			dependencies = (
				5EF326BA24673B8C0096DD62 /* PBXTargetDependency */,
			);
			name = FinstagramTests;
			productName = FinstagramTests;
			productReference = 5EF326B824673B8C0096DD62 /* FinstagramTests.xctest */;
			productType = "com.apple.product-type.bundle.unit-test";
		};
		5EF326C224673B8C0096DD62 /* FinstagramUITests */ = {
			isa = PBXNativeTarget;
			buildConfigurationList = 5EF326D224673B8C0096DD62 /* Build configuration list for PBXNativeTarget "FinstagramUITests" */;
			buildPhases = (
				70F26552800CC50FCBB28A18 /* [CP] Check Pods Manifest.lock */,
				5EF326BF24673B8C0096DD62 /* Sources */,
				5EF326C024673B8C0096DD62 /* Frameworks */,
				5EF326C124673B8C0096DD62 /* Resources */,
				D675C4990B09BA57F2C6481E /* [CP] Embed Pods Frameworks */,
			);
			buildRules = (
			);
			dependencies = (
				5EF326C524673B8C0096DD62 /* PBXTargetDependency */,
			);
			name = FinstagramUITests;
			productName = FinstagramUITests;
			productReference = 5EF326C324673B8C0096DD62 /* FinstagramUITests.xctest */;
			productType = "com.apple.product-type.bundle.ui-testing";
		};
/* End PBXNativeTarget section */

/* Begin PBXProject section */
		5EF3269A24673B8A0096DD62 /* Project object */ = {
			isa = PBXProject;
			attributes = {
				LastSwiftUpdateCheck = 1140;
				LastUpgradeCheck = 1140;
				ORGANIZATIONNAME = user169361;
				TargetAttributes = {
					5EF326A124673B8A0096DD62 = {
						CreatedOnToolsVersion = 11.4.1;
					};
					5EF326B724673B8C0096DD62 = {
						CreatedOnToolsVersion = 11.4.1;
						TestTargetID = 5EF326A124673B8A0096DD62;
					};
					5EF326C224673B8C0096DD62 = {
						CreatedOnToolsVersion = 11.4.1;
						TestTargetID = 5EF326A124673B8A0096DD62;
					};
				};
			};
			buildConfigurationList = 5EF3269D24673B8A0096DD62 /* Build configuration list for PBXProject "Finstagram" */;
			compatibilityVersion = "Xcode 9.3";
			developmentRegion = en;
			hasScannedForEncodings = 0;
			knownRegions = (
				en,
				Base,
			);
			mainGroup = 5EF3269924673B8A0096DD62;
			productRefGroup = 5EF326A324673B8A0096DD62 /* Products */;
			projectDirPath = "";
			projectRoot = "";
			targets = (
				5EF326A124673B8A0096DD62 /* Finstagram */,
				5EF326B724673B8C0096DD62 /* FinstagramTests */,
				5EF326C224673B8C0096DD62 /* FinstagramUITests */,
			);
		};
/* End PBXProject section */

/* Begin PBXResourcesBuildPhase section */
		5EF326A024673B8A0096DD62 /* Resources */ = {
			isa = PBXResourcesBuildPhase;
			buildActionMask = 2147483647;
			files = (
				5EF326B224673B8C0096DD62 /* LaunchScreen.storyboard in Resources */,
				5EF326AF24673B8C0096DD62 /* Assets.xcassets in Resources */,
				5EF326AD24673B8A0096DD62 /* Main.storyboard in Resources */,
			);
			runOnlyForDeploymentPostprocessing = 0;
		};
		5EF326B624673B8C0096DD62 /* Resources */ = {
			isa = PBXResourcesBuildPhase;
			buildActionMask = 2147483647;
			files = (
			);
			runOnlyForDeploymentPostprocessing = 0;
		};
		5EF326C124673B8C0096DD62 /* Resources */ = {
			isa = PBXResourcesBuildPhase;
			buildActionMask = 2147483647;
			files = (
			);
			runOnlyForDeploymentPostprocessing = 0;
		};
/* End PBXResourcesBuildPhase section */

/* Begin PBXShellScriptBuildPhase section */
		70F26552800CC50FCBB28A18 /* [CP] Check Pods Manifest.lock */ = {
			isa = PBXShellScriptBuildPhase;
			buildActionMask = 2147483647;
			files = (
			);
			inputFileListPaths = (
			);
			inputPaths = (
				"${PODS_PODFILE_DIR_PATH}/Podfile.lock",
				"${PODS_ROOT}/Manifest.lock",
			);
			name = "[CP] Check Pods Manifest.lock";
			outputFileListPaths = (
			);
			outputPaths = (
				"$(DERIVED_FILE_DIR)/Pods-Finstagram-FinstagramUITests-checkManifestLockResult.txt",
			);
			runOnlyForDeploymentPostprocessing = 0;
			shellPath = /bin/sh;
			shellScript = "diff \"${PODS_PODFILE_DIR_PATH}/Podfile.lock\" \"${PODS_ROOT}/Manifest.lock\" > /dev/null\nif [ $? != 0 ] ; then\n    # print error to STDERR\n    echo \"error: The sandbox is not in sync with the Podfile.lock. Run 'pod install' or update your CocoaPods installation.\" >&2\n    exit 1\nfi\n# This output is used by Xcode 'outputs' to avoid re-running this script phase.\necho \"SUCCESS\" > \"${SCRIPT_OUTPUT_FILE_0}\"\n";
			showEnvVarsInLog = 0;
		};
		ABE512E8C72648F021ECFD08 /* [CP] Check Pods Manifest.lock */ = {
			isa = PBXShellScriptBuildPhase;
			buildActionMask = 2147483647;
			files = (
			);
			inputFileListPaths = (
			);
			inputPaths = (
				"${PODS_PODFILE_DIR_PATH}/Podfile.lock",
				"${PODS_ROOT}/Manifest.lock",
			);
			name = "[CP] Check Pods Manifest.lock";
			outputFileListPaths = (
			);
			outputPaths = (
				"$(DERIVED_FILE_DIR)/Pods-Finstagram-checkManifestLockResult.txt",
			);
			runOnlyForDeploymentPostprocessing = 0;
			shellPath = /bin/sh;
			shellScript = "diff \"${PODS_PODFILE_DIR_PATH}/Podfile.lock\" \"${PODS_ROOT}/Manifest.lock\" > /dev/null\nif [ $? != 0 ] ; then\n    # print error to STDERR\n    echo \"error: The sandbox is not in sync with the Podfile.lock. Run 'pod install' or update your CocoaPods installation.\" >&2\n    exit 1\nfi\n# This output is used by Xcode 'outputs' to avoid re-running this script phase.\necho \"SUCCESS\" > \"${SCRIPT_OUTPUT_FILE_0}\"\n";
			showEnvVarsInLog = 0;
		};
		CAC2B7F93AD4EE685EB52ED0 /* [CP] Check Pods Manifest.lock */ = {
			isa = PBXShellScriptBuildPhase;
			buildActionMask = 2147483647;
			files = (
			);
			inputFileListPaths = (
			);
			inputPaths = (
				"${PODS_PODFILE_DIR_PATH}/Podfile.lock",
				"${PODS_ROOT}/Manifest.lock",
			);
			name = "[CP] Check Pods Manifest.lock";
			outputFileListPaths = (
			);
			outputPaths = (
				"$(DERIVED_FILE_DIR)/Pods-FinstagramTests-checkManifestLockResult.txt",
			);
			runOnlyForDeploymentPostprocessing = 0;
			shellPath = /bin/sh;
			shellScript = "diff \"${PODS_PODFILE_DIR_PATH}/Podfile.lock\" \"${PODS_ROOT}/Manifest.lock\" > /dev/null\nif [ $? != 0 ] ; then\n    # print error to STDERR\n    echo \"error: The sandbox is not in sync with the Podfile.lock. Run 'pod install' or update your CocoaPods installation.\" >&2\n    exit 1\nfi\n# This output is used by Xcode 'outputs' to avoid re-running this script phase.\necho \"SUCCESS\" > \"${SCRIPT_OUTPUT_FILE_0}\"\n";
			showEnvVarsInLog = 0;
		};
		D675C4990B09BA57F2C6481E /* [CP] Embed Pods Frameworks */ = {
			isa = PBXShellScriptBuildPhase;
			buildActionMask = 2147483647;
			files = (
			);
			inputFileListPaths = (
				"${PODS_ROOT}/Target Support Files/Pods-Finstagram-FinstagramUITests/Pods-Finstagram-FinstagramUITests-frameworks-${CONFIGURATION}-input-files.xcfilelist",
			);
			name = "[CP] Embed Pods Frameworks";
			outputFileListPaths = (
				"${PODS_ROOT}/Target Support Files/Pods-Finstagram-FinstagramUITests/Pods-Finstagram-FinstagramUITests-frameworks-${CONFIGURATION}-output-files.xcfilelist",
			);
			runOnlyForDeploymentPostprocessing = 0;
			shellPath = /bin/sh;
			shellScript = "\"${PODS_ROOT}/Target Support Files/Pods-Finstagram-FinstagramUITests/Pods-Finstagram-FinstagramUITests-frameworks.sh\"\n";
			showEnvVarsInLog = 0;
		};
		F424FAB3FECB813EAF94455A /* [CP] Embed Pods Frameworks */ = {
			isa = PBXShellScriptBuildPhase;
			buildActionMask = 2147483647;
			files = (
			);
			inputFileListPaths = (
				"${PODS_ROOT}/Target Support Files/Pods-Finstagram/Pods-Finstagram-frameworks-${CONFIGURATION}-input-files.xcfilelist",
			);
			name = "[CP] Embed Pods Frameworks";
			outputFileListPaths = (
				"${PODS_ROOT}/Target Support Files/Pods-Finstagram/Pods-Finstagram-frameworks-${CONFIGURATION}-output-files.xcfilelist",
			);
			runOnlyForDeploymentPostprocessing = 0;
			shellPath = /bin/sh;
			shellScript = "\"${PODS_ROOT}/Target Support Files/Pods-Finstagram/Pods-Finstagram-frameworks.sh\"\n";
			showEnvVarsInLog = 0;
		};
/* End PBXShellScriptBuildPhase section */

/* Begin PBXSourcesBuildPhase section */
		5EF3269E24673B8A0096DD62 /* Sources */ = {
			isa = PBXSourcesBuildPhase;
			buildActionMask = 2147483647;
			files = (
				5EE225F9246751850085D129 /* LoginViewController.swift in Sources */,
				5EE225FD246761780085D129 /* CameraViewController.swift in Sources */,
				5EF326A624673B8A0096DD62 /* AppDelegate.swift in Sources */,
				5EE225FB246751950085D129 /* FeedViewController.swift in Sources */,
				5EF326A824673B8A0096DD62 /* SceneDelegate.swift in Sources */,
				5E0FEEA6246A16B0009A0671 /* PostCell.swift in Sources */,
				5EF557E024704664003CF244 /* CommentCell.swift in Sources */,
			);
			runOnlyForDeploymentPostprocessing = 0;
		};
		5EF326B424673B8C0096DD62 /* Sources */ = {
			isa = PBXSourcesBuildPhase;
			buildActionMask = 2147483647;
			files = (
				5EF326BD24673B8C0096DD62 /* FinstagramTests.swift in Sources */,
			);
			runOnlyForDeploymentPostprocessing = 0;
		};
		5EF326BF24673B8C0096DD62 /* Sources */ = {
			isa = PBXSourcesBuildPhase;
			buildActionMask = 2147483647;
			files = (
				5EF326C824673B8C0096DD62 /* FinstagramUITests.swift in Sources */,
			);
			runOnlyForDeploymentPostprocessing = 0;
		};
/* End PBXSourcesBuildPhase section */

/* Begin PBXTargetDependency section */
		5EF326BA24673B8C0096DD62 /* PBXTargetDependency */ = {
			isa = PBXTargetDependency;
			target = 5EF326A124673B8A0096DD62 /* Finstagram */;
			targetProxy = 5EF326B924673B8C0096DD62 /* PBXContainerItemProxy */;
		};
		5EF326C524673B8C0096DD62 /* PBXTargetDependency */ = {
			isa = PBXTargetDependency;
			target = 5EF326A124673B8A0096DD62 /* Finstagram */;
			targetProxy = 5EF326C424673B8C0096DD62 /* PBXContainerItemProxy */;
		};
/* End PBXTargetDependency section */

/* Begin PBXVariantGroup section */
		5EF326AB24673B8A0096DD62 /* Main.storyboard */ = {
			isa = PBXVariantGroup;
			children = (
				5EF326AC24673B8A0096DD62 /* Base */,
			);
			name = Main.storyboard;
			sourceTree = "<group>";
		};
		5EF326B024673B8C0096DD62 /* LaunchScreen.storyboard */ = {
			isa = PBXVariantGroup;
			children = (
				5EF326B124673B8C0096DD62 /* Base */,
			);
			name = LaunchScreen.storyboard;
			sourceTree = "<group>";
		};
/* End PBXVariantGroup section */

/* Begin XCBuildConfiguration section */
		5EF326CA24673B8C0096DD62 /* Debug */ = {
			isa = XCBuildConfiguration;
			buildSettings = {
				ALWAYS_SEARCH_USER_PATHS = NO;
				CLANG_ANALYZER_NONNULL = YES;
				CLANG_ANALYZER_NUMBER_OBJECT_CONVERSION = YES_AGGRESSIVE;
				CLANG_CXX_LANGUAGE_STANDARD = "gnu++14";
				CLANG_CXX_LIBRARY = "libc++";
				CLANG_ENABLE_MODULES = YES;
				CLANG_ENABLE_OBJC_ARC = YES;
				CLANG_ENABLE_OBJC_WEAK = YES;
				CLANG_WARN_BLOCK_CAPTURE_AUTORELEASING = YES;
				CLANG_WARN_BOOL_CONVERSION = YES;
				CLANG_WARN_COMMA = YES;
				CLANG_WARN_CONSTANT_CONVERSION = YES;
				CLANG_WARN_DEPRECATED_OBJC_IMPLEMENTATIONS = YES;
				CLANG_WARN_DIRECT_OBJC_ISA_USAGE = YES_ERROR;
				CLANG_WARN_DOCUMENTATION_COMMENTS = YES;
				CLANG_WARN_EMPTY_BODY = YES;
				CLANG_WARN_ENUM_CONVERSION = YES;
				CLANG_WARN_INFINITE_RECURSION = YES;
				CLANG_WARN_INT_CONVERSION = YES;
				CLANG_WARN_NON_LITERAL_NULL_CONVERSION = YES;
				CLANG_WARN_OBJC_IMPLICIT_RETAIN_SELF = YES;
				CLANG_WARN_OBJC_LITERAL_CONVERSION = YES;
				CLANG_WARN_OBJC_ROOT_CLASS = YES_ERROR;
				CLANG_WARN_RANGE_LOOP_ANALYSIS = YES;
				CLANG_WARN_STRICT_PROTOTYPES = YES;
				CLANG_WARN_SUSPICIOUS_MOVE = YES;
				CLANG_WARN_UNGUARDED_AVAILABILITY = YES_AGGRESSIVE;
				CLANG_WARN_UNREACHABLE_CODE = YES;
				CLANG_WARN__DUPLICATE_METHOD_MATCH = YES;
				COPY_PHASE_STRIP = NO;
				DEBUG_INFORMATION_FORMAT = dwarf;
				ENABLE_STRICT_OBJC_MSGSEND = YES;
				ENABLE_TESTABILITY = YES;
				GCC_C_LANGUAGE_STANDARD = gnu11;
				GCC_DYNAMIC_NO_PIC = NO;
				GCC_NO_COMMON_BLOCKS = YES;
				GCC_OPTIMIZATION_LEVEL = 0;
				GCC_PREPROCESSOR_DEFINITIONS = (
					"DEBUG=1",
					"$(inherited)",
				);
				GCC_WARN_64_TO_32_BIT_CONVERSION = YES;
				GCC_WARN_ABOUT_RETURN_TYPE = YES_ERROR;
				GCC_WARN_UNDECLARED_SELECTOR = YES;
				GCC_WARN_UNINITIALIZED_AUTOS = YES_AGGRESSIVE;
				GCC_WARN_UNUSED_FUNCTION = YES;
				GCC_WARN_UNUSED_VARIABLE = YES;
				IPHONEOS_DEPLOYMENT_TARGET = 13.4;
				MTL_ENABLE_DEBUG_INFO = INCLUDE_SOURCE;
				MTL_FAST_MATH = YES;
				ONLY_ACTIVE_ARCH = YES;
				SDKROOT = iphoneos;
				SWIFT_ACTIVE_COMPILATION_CONDITIONS = DEBUG;
				SWIFT_OPTIMIZATION_LEVEL = "-Onone";
			};
			name = Debug;
		};
		5EF326CB24673B8C0096DD62 /* Release */ = {
			isa = XCBuildConfiguration;
			buildSettings = {
				ALWAYS_SEARCH_USER_PATHS = NO;
				CLANG_ANALYZER_NONNULL = YES;
				CLANG_ANALYZER_NUMBER_OBJECT_CONVERSION = YES_AGGRESSIVE;
				CLANG_CXX_LANGUAGE_STANDARD = "gnu++14";
				CLANG_CXX_LIBRARY = "libc++";
				CLANG_ENABLE_MODULES = YES;
				CLANG_ENABLE_OBJC_ARC = YES;
				CLANG_ENABLE_OBJC_WEAK = YES;
				CLANG_WARN_BLOCK_CAPTURE_AUTORELEASING = YES;
				CLANG_WARN_BOOL_CONVERSION = YES;
				CLANG_WARN_COMMA = YES;
				CLANG_WARN_CONSTANT_CONVERSION = YES;
				CLANG_WARN_DEPRECATED_OBJC_IMPLEMENTATIONS = YES;
				CLANG_WARN_DIRECT_OBJC_ISA_USAGE = YES_ERROR;
				CLANG_WARN_DOCUMENTATION_COMMENTS = YES;
				CLANG_WARN_EMPTY_BODY = YES;
				CLANG_WARN_ENUM_CONVERSION = YES;
				CLANG_WARN_INFINITE_RECURSION = YES;
				CLANG_WARN_INT_CONVERSION = YES;
				CLANG_WARN_NON_LITERAL_NULL_CONVERSION = YES;
				CLANG_WARN_OBJC_IMPLICIT_RETAIN_SELF = YES;
				CLANG_WARN_OBJC_LITERAL_CONVERSION = YES;
				CLANG_WARN_OBJC_ROOT_CLASS = YES_ERROR;
				CLANG_WARN_RANGE_LOOP_ANALYSIS = YES;
				CLANG_WARN_STRICT_PROTOTYPES = YES;
				CLANG_WARN_SUSPICIOUS_MOVE = YES;
				CLANG_WARN_UNGUARDED_AVAILABILITY = YES_AGGRESSIVE;
				CLANG_WARN_UNREACHABLE_CODE = YES;
				CLANG_WARN__DUPLICATE_METHOD_MATCH = YES;
				COPY_PHASE_STRIP = NO;
				DEBUG_INFORMATION_FORMAT = "dwarf-with-dsym";
				ENABLE_NS_ASSERTIONS = NO;
				ENABLE_STRICT_OBJC_MSGSEND = YES;
				GCC_C_LANGUAGE_STANDARD = gnu11;
				GCC_NO_COMMON_BLOCKS = YES;
				GCC_WARN_64_TO_32_BIT_CONVERSION = YES;
				GCC_WARN_ABOUT_RETURN_TYPE = YES_ERROR;
				GCC_WARN_UNDECLARED_SELECTOR = YES;
				GCC_WARN_UNINITIALIZED_AUTOS = YES_AGGRESSIVE;
				GCC_WARN_UNUSED_FUNCTION = YES;
				GCC_WARN_UNUSED_VARIABLE = YES;
				IPHONEOS_DEPLOYMENT_TARGET = 13.4;
				MTL_ENABLE_DEBUG_INFO = NO;
				MTL_FAST_MATH = YES;
				SDKROOT = iphoneos;
				SWIFT_COMPILATION_MODE = wholemodule;
				SWIFT_OPTIMIZATION_LEVEL = "-O";
				VALIDATE_PRODUCT = YES;
			};
			name = Release;
		};
		5EF326CD24673B8C0096DD62 /* Debug */ = {
			isa = XCBuildConfiguration;
			baseConfigurationReference = A2A1B6C50C7330037A20F910 /* Pods-Finstagram.debug.xcconfig */;
			buildSettings = {
				ASSETCATALOG_COMPILER_APPICON_NAME = AppIcon;
				CODE_SIGN_STYLE = Automatic;
				DEVELOPMENT_TEAM = WJ36L8RFBR;
				INFOPLIST_FILE = Finstagram/Info.plist;
				LD_RUNPATH_SEARCH_PATHS = (
					"$(inherited)",
					"@executable_path/Frameworks",
				);
				PRODUCT_BUNDLE_IDENTIFIER = com..Finstagram;
				PRODUCT_NAME = "$(TARGET_NAME)";
				SWIFT_VERSION = 5.0;
				TARGETED_DEVICE_FAMILY = "1,2";
			};
			name = Debug;
		};
		5EF326CE24673B8C0096DD62 /* Release */ = {
			isa = XCBuildConfiguration;
			baseConfigurationReference = 4A4E24664635BE3F8949BE41 /* Pods-Finstagram.release.xcconfig */;
			buildSettings = {
				ASSETCATALOG_COMPILER_APPICON_NAME = AppIcon;
				CODE_SIGN_STYLE = Automatic;
				DEVELOPMENT_TEAM = WJ36L8RFBR;
				INFOPLIST_FILE = Finstagram/Info.plist;
				LD_RUNPATH_SEARCH_PATHS = (
					"$(inherited)",
					"@executable_path/Frameworks",
				);
				PRODUCT_BUNDLE_IDENTIFIER = com..Finstagram;
				PRODUCT_NAME = "$(TARGET_NAME)";
				SWIFT_VERSION = 5.0;
				TARGETED_DEVICE_FAMILY = "1,2";
			};
			name = Release;
		};
		5EF326D024673B8C0096DD62 /* Debug */ = {
			isa = XCBuildConfiguration;
			baseConfigurationReference = C309C95E82D1B555CF5E1537 /* Pods-FinstagramTests.debug.xcconfig */;
			buildSettings = {
				ALWAYS_EMBED_SWIFT_STANDARD_LIBRARIES = YES;
				BUNDLE_LOADER = "$(TEST_HOST)";
				CODE_SIGN_STYLE = Automatic;
				DEVELOPMENT_TEAM = WJ36L8RFBR;
				INFOPLIST_FILE = FinstagramTests/Info.plist;
				IPHONEOS_DEPLOYMENT_TARGET = 13.4;
				LD_RUNPATH_SEARCH_PATHS = (
					"$(inherited)",
					"@executable_path/Frameworks",
					"@loader_path/Frameworks",
				);
				PRODUCT_BUNDLE_IDENTIFIER = com..FinstagramTests;
				PRODUCT_NAME = "$(TARGET_NAME)";
				SWIFT_VERSION = 5.0;
				TARGETED_DEVICE_FAMILY = "1,2";
				TEST_HOST = "$(BUILT_PRODUCTS_DIR)/Finstagram.app/Finstagram";
			};
			name = Debug;
		};
		5EF326D124673B8C0096DD62 /* Release */ = {
			isa = XCBuildConfiguration;
			baseConfigurationReference = 8817C34161C211246F8AF1F3 /* Pods-FinstagramTests.release.xcconfig */;
			buildSettings = {
				ALWAYS_EMBED_SWIFT_STANDARD_LIBRARIES = YES;
				BUNDLE_LOADER = "$(TEST_HOST)";
				CODE_SIGN_STYLE = Automatic;
				DEVELOPMENT_TEAM = WJ36L8RFBR;
				INFOPLIST_FILE = FinstagramTests/Info.plist;
				IPHONEOS_DEPLOYMENT_TARGET = 13.4;
				LD_RUNPATH_SEARCH_PATHS = (
					"$(inherited)",
					"@executable_path/Frameworks",
					"@loader_path/Frameworks",
				);
				PRODUCT_BUNDLE_IDENTIFIER = com..FinstagramTests;
				PRODUCT_NAME = "$(TARGET_NAME)";
				SWIFT_VERSION = 5.0;
				TARGETED_DEVICE_FAMILY = "1,2";
				TEST_HOST = "$(BUILT_PRODUCTS_DIR)/Finstagram.app/Finstagram";
			};
			name = Release;
		};
		5EF326D324673B8C0096DD62 /* Debug */ = {
			isa = XCBuildConfiguration;
			baseConfigurationReference = FC5A42E56E131DC02D4E9E85 /* Pods-Finstagram-FinstagramUITests.debug.xcconfig */;
			buildSettings = {
				ALWAYS_EMBED_SWIFT_STANDARD_LIBRARIES = YES;
				CODE_SIGN_STYLE = Automatic;
				DEVELOPMENT_TEAM = WJ36L8RFBR;
				INFOPLIST_FILE = FinstagramUITests/Info.plist;
				LD_RUNPATH_SEARCH_PATHS = (
					"$(inherited)",
					"@executable_path/Frameworks",
					"@loader_path/Frameworks",
				);
				PRODUCT_BUNDLE_IDENTIFIER = com..FinstagramUITests;
				PRODUCT_NAME = "$(TARGET_NAME)";
				SWIFT_VERSION = 5.0;
				TARGETED_DEVICE_FAMILY = "1,2";
				TEST_TARGET_NAME = Finstagram;
			};
			name = Debug;
		};
		5EF326D424673B8C0096DD62 /* Release */ = {
			isa = XCBuildConfiguration;
			baseConfigurationReference = 850CD1988838BE95D279E091 /* Pods-Finstagram-FinstagramUITests.release.xcconfig */;
			buildSettings = {
				ALWAYS_EMBED_SWIFT_STANDARD_LIBRARIES = YES;
				CODE_SIGN_STYLE = Automatic;
				DEVELOPMENT_TEAM = WJ36L8RFBR;
				INFOPLIST_FILE = FinstagramUITests/Info.plist;
				LD_RUNPATH_SEARCH_PATHS = (
					"$(inherited)",
					"@executable_path/Frameworks",
					"@loader_path/Frameworks",
				);
				PRODUCT_BUNDLE_IDENTIFIER = com..FinstagramUITests;
				PRODUCT_NAME = "$(TARGET_NAME)";
				SWIFT_VERSION = 5.0;
				TARGETED_DEVICE_FAMILY = "1,2";
				TEST_TARGET_NAME = Finstagram;
			};
			name = Release;
		};
/* End XCBuildConfiguration section */

/* Begin XCConfigurationList section */
		5EF3269D24673B8A0096DD62 /* Build configuration list for PBXProject "Finstagram" */ = {
			isa = XCConfigurationList;
			buildConfigurations = (
				5EF326CA24673B8C0096DD62 /* Debug */,
				5EF326CB24673B8C0096DD62 /* Release */,
			);
			defaultConfigurationIsVisible = 0;
			defaultConfigurationName = Release;
		};
		5EF326CC24673B8C0096DD62 /* Build configuration list for PBXNativeTarget "Finstagram" */ = {
			isa = XCConfigurationList;
			buildConfigurations = (
				5EF326CD24673B8C0096DD62 /* Debug */,
				5EF326CE24673B8C0096DD62 /* Release */,
			);
			defaultConfigurationIsVisible = 0;
			defaultConfigurationName = Release;
		};
		5EF326CF24673B8C0096DD62 /* Build configuration list for PBXNativeTarget "FinstagramTests" */ = {
			isa = XCConfigurationList;
			buildConfigurations = (
				5EF326D024673B8C0096DD62 /* Debug */,
				5EF326D124673B8C0096DD62 /* Release */,
			);
			defaultConfigurationIsVisible = 0;
			defaultConfigurationName = Release;
		};
		5EF326D224673B8C0096DD62 /* Build configuration list for PBXNativeTarget "FinstagramUITests" */ = {
			isa = XCConfigurationList;
			buildConfigurations = (
				5EF326D324673B8C0096DD62 /* Debug */,
				5EF326D424673B8C0096DD62 /* Release */,
			);
			defaultConfigurationIsVisible = 0;
			defaultConfigurationName = Release;
		};
/* End XCConfigurationList section */
	};
	rootObject = 5EF3269A24673B8A0096DD62 /* Project object */;
}
